PODS:
  - AFNetworking (3.1.0):
    - AFNetworking/NSURLSession (= 3.1.0)
    - AFNetworking/Reachability (= 3.1.0)
    - AFNetworking/Security (= 3.1.0)
    - AFNetworking/Serialization (= 3.1.0)
    - AFNetworking/UIKit (= 3.1.0)
  - AFNetworking/NSURLSession (3.1.0):
    - AFNetworking/Reachability
    - AFNetworking/Security
    - AFNetworking/Serialization
  - AFNetworking/Reachability (3.1.0)
  - AFNetworking/Security (3.1.0)
  - AFNetworking/Serialization (3.1.0)
  - AFNetworking/UIKit (3.1.0):
    - AFNetworking/NSURLSession
  - AFNetworking_XYNet (0.1.0):
    - AFNetworking (~> 3.1.0)

DEPENDENCIES:
  - AFNetworking_XYNet (from `../`)

EXTERNAL SOURCES:
  AFNetworking_XYNet:
    :path: ../

SPEC CHECKSUMS:
  AFNetworking: 5e0e199f73d8626b11e79750991f5d173d1f8b67
  AFNetworking_XYNet: 10af60e56fb7136a05e394138382938cc3cb30f0

PODFILE CHECKSUM: d4e1b17452eb5393dd2a1b63b6ce0cf14b12aada

COCOAPODS: 1.4.0
